
Microsoft Visual Studio Solution File, Format Version 12.00
# Visual Studio Version 17
VisualStudioVersion = 17.5.33530.505
MinimumVisualStudioVersion = 10.0.40219.1
Project("{FAE04EC0-301F-11D3-BF4B-00C04F79EFBC}") = "LookMath", "LookMath\LookMath.csproj", "{4AA62FFB-465E-458F-9972-EF0188644B75}"
EndProject
Global
	GlobalSection(SolutionConfigurationPlatforms) = preSolution
		Debug|Any CPU = Debug|Any CPU
		Release|Any CPU = Release|Any CPU
	EndGlobalSection
	GlobalSection(ProjectConfigurationPlatforms) = postSolution
		{4AA62FFB-465E-458F-9972-EF0188644B75}.Debug|Any CPU.ActiveCfg = Debug|Any CPU
		{4AA62FFB-465E-458F-9972-EF0188644B75}.Debug|Any CPU.Build.0 = Debug|Any CPU
		{4AA62FFB-465E-458F-9972-EF0188644B75}.Release|Any CPU.ActiveCfg = Release|Any CPU
		{4AA62FFB-465E-458F-9972-EF0188644B75}.Release|Any CPU.Build.0 = Release|Any CPU
	EndGlobalSection
	GlobalSection(SolutionProperties) = preSolution
		HideSolutionNode = FALSE
	EndGlobalSection
	GlobalSection(ExtensibilityGlobals) = postSolution
		SolutionGuid = {68F26B7F-B007-4257-AC52-7B8C4BC921A9}
	EndGlobalSection
EndGlobal
